
Microsoft Visual Studio Solution File, Format Version 12.00
# Visual Studio Version 17
VisualStudioVersion = 17.2.32519.379
MinimumVisualStudioVersion = 10.0.40219.1
Project("{FAE04EC0-301F-11D3-BF4B-00C04F79EFBC}") = "Testing", "Testing\Testing.csproj", "{1BFF6947-CC48-4908-8E53-060F6C284E4D}"
EndProject
Global
	GlobalSection(SolutionConfigurationPlatforms) = preSolution
		Debug|Any CPU = Debug|Any CPU
		Release|Any CPU = Release|Any CPU
	EndGlobalSection
	GlobalSection(ProjectConfigurationPlatforms) = postSolution
		{1BFF6947-CC48-4908-8E53-060F6C284E4D}.Debug|Any CPU.ActiveCfg = Debug|Any CPU
		{1BFF6947-CC48-4908-8E53-060F6C284E4D}.Debug|Any CPU.Build.0 = Debug|Any CPU
		{1BFF6947-CC48-4908-8E53-060F6C284E4D}.Release|Any CPU.ActiveCfg = Release|Any CPU
		{1BFF6947-CC48-4908-8E53-060F6C284E4D}.Release|Any CPU.Build.0 = Release|Any CPU
	EndGlobalSection
	GlobalSection(SolutionProperties) = preSolution
		HideSolutionNode = FALSE
	EndGlobalSection
	GlobalSection(ExtensibilityGlobals) = postSolution
		SolutionGuid = {930DC691-19B4-4104-8429-AF3D352E8108}
	EndGlobalSection
EndGlobal
